
Microsoft Visual Studio Solution File, Format Version 12.00
# Visual Studio Version 17
VisualStudioVersion = 17.9.34728.123
MinimumVisualStudioVersion = 10.0.40219.1
Project("{FAE04EC0-301F-11D3-BF4B-00C04F79EFBC}") = "GitHubTest2", "GitHubTest2\GitHubTest2.csproj", "{01BEA093-6576-4031-A8B8-5B9E4C42CFC1}"
EndProject
Global
	GlobalSection(SolutionConfigurationPlatforms) = preSolution
		Debug|Any CPU = Debug|Any CPU
		Release|Any CPU = Release|Any CPU
	EndGlobalSection
	GlobalSection(ProjectConfigurationPlatforms) = postSolution
		{01BEA093-6576-4031-A8B8-5B9E4C42CFC1}.Debug|Any CPU.ActiveCfg = Debug|Any CPU
		{01BEA093-6576-4031-A8B8-5B9E4C42CFC1}.Debug|Any CPU.Build.0 = Debug|Any CPU
		{01BEA093-6576-4031-A8B8-5B9E4C42CFC1}.Release|Any CPU.ActiveCfg = Release|Any CPU
		{01BEA093-6576-4031-A8B8-5B9E4C42CFC1}.Release|Any CPU.Build.0 = Release|Any CPU
	EndGlobalSection
	GlobalSection(SolutionProperties) = preSolution
		HideSolutionNode = FALSE
	EndGlobalSection
	GlobalSection(ExtensibilityGlobals) = postSolution
		SolutionGuid = {D995B605-FB37-4F89-81EC-516A4D9E5464}
	EndGlobalSection
EndGlobal
